{
  "originHash" : "bb5b0b913cdf13383ce68b4bd6f89beb15f764c9d75210df8c8284309b4d1f52",
  "pins" : [
    {
      "identity" : "api-client",
      "kind" : "remoteSourceControl",
      "location" : "https://github.com/smith477/api-client",
      "state" : {
        "revision" : "35af28cb8d19ccc72d3c4c5e734c8e69209b17f3",
        "version" : "1.0.0"
      }
    }
  ],
  "version" : 3
}
