// !$*UTF8*$!
{
	archiveVersion = 1;
	classes = {
	};
	objectVersion = 77;
	objects = {

/* Begin PBXBuildFile section */
		71B702DB75CD696C8721201D /* AppContainer.swift in Sources */ = {isa = PBXBuildFile; fileRef = A493F28432546B136AE9B682 /* AppContainer.swift */; };
		785540F12EE45C9E00C4EF1D /* APIClient in Frameworks */ = {isa = PBXBuildFile; productRef = 785540F02EE45C9E00C4EF1D /* APIClient */; };
/* End PBXBuildFile section */

/* Begin PBXContainerItemProxy section */
		785540802EE30D2700C4EF1D /* PBXContainerItemProxy */ = {
			isa = PBXContainerItemProxy;
			containerPortal = 785540652EE30D2500C4EF1D /* Project object */;
			proxyType = 1;
			remoteGlobalIDString = 7855406C2EE30D2500C4EF1D;
			remoteInfo = "ios-template";
		};
		7855408A2EE30D2700C4EF1D /* PBXContainerItemProxy */ = {
			isa = PBXContainerItemProxy;
			containerPortal = 785540652EE30D2500C4EF1D /* Project object */;
			proxyType = 1;
			remoteGlobalIDString = 7855406C2EE30D2500C4EF1D;
			remoteInfo = "ios-template";
		};
/* End PBXContainerItemProxy section */

/* Begin PBXFileReference section */
		7855406D2EE30D2500C4EF1D /* ios-template.app */ = {isa = PBXFileReference; explicitFileType = wrapper.application; includeInIndex = 0; path = "ios-template.app"; sourceTree = BUILT_PRODUCTS_DIR; };
		7855407F2EE30D2700C4EF1D /* ios-templateTests.xctest */ = {isa = PBXFileReference; explicitFileType = wrapper.cfbundle; includeInIndex = 0; path = "ios-templateTests.xctest"; sourceTree = BUILT_PRODUCTS_DIR; };
		785540892EE30D2700C4EF1D /* ios-templateUITests.xctest */ = {isa = PBXFileReference; explicitFileType = wrapper.cfbundle; includeInIndex = 0; path = "ios-templateUITests.xctest"; sourceTree = BUILT_PRODUCTS_DIR; };
		A493F28432546B136AE9B682 /* AppContainer.swift */ = {isa = PBXFileReference; explicitFileType = sourcecode.swift; lastKnownFileType = sourcecode.swift; name = AppContainer.swift; path = AppContainer.swift; sourceTree = "<group>"; };
/* End PBXFileReference section */

/* Begin PBXFileSystemSynchronizedRootGroup section */
		7855406F2EE30D2500C4EF1D /* ios-template */ = {
			isa = PBXFileSystemSynchronizedRootGroup;
			path = "ios-template";
			sourceTree = "<group>";
		};
		785540822EE30D2700C4EF1D /* ios-templateTests */ = {
			isa = PBXFileSystemSynchronizedRootGroup;
			path = "ios-templateTests";
			sourceTree = "<group>";
		};
		7855408C2EE30D2700C4EF1D /* ios-templateUITests */ = {
			isa = PBXFileSystemSynchronizedRootGroup;
			path = "ios-templateUITests";
			sourceTree = "<group>";
		};
/* End PBXFileSystemSynchronizedRootGroup section */

/* Begin PBXFrameworksBuildPhase section */
		7855406A2EE30D2500C4EF1D /* Frameworks */ = {
			isa = PBXFrameworksBuildPhase;
			buildActionMask = 2147483647;
			files = (
				785540F12EE45C9E00C4EF1D /* APIClient in Frameworks */,
			);
			runOnlyForDeploymentPostprocessing = 0;
		};
		7855407C2EE30D2700C4EF1D /* Frameworks */ = {
			isa = PBXFrameworksBuildPhase;
			buildActionMask = 2147483647;
			files = (
			);
			runOnlyForDeploymentPostprocessing = 0;
		};
		785540862EE30D2700C4EF1D /* Frameworks */ = {
			isa = PBXFrameworksBuildPhase;
			buildActionMask = 2147483647;
			files = (
			);
			runOnlyForDeploymentPostprocessing = 0;
		};
/* End PBXFrameworksBuildPhase section */

/* Begin PBXGroup section */
		429E107C2ED38101D7CBDFF6 /* ios-template */ = {
			isa = PBXGroup;
			children = (
				FE4FBE6B66686AB038761EC3 /* Core */,
			);
			name = "ios-template";
			path = "ios-template";
			sourceTree = "<group>";
		};
		785540642EE30D2500C4EF1D = {
			isa = PBXGroup;
			children = (
				7855406F2EE30D2500C4EF1D /* ios-template */,
				785540822EE30D2700C4EF1D /* ios-templateTests */,
				7855408C2EE30D2700C4EF1D /* ios-templateUITests */,
				7855406E2EE30D2500C4EF1D /* Products */,
				429E107C2ED38101D7CBDFF6 /* ios-template */,
			);
			sourceTree = "<group>";
		};
		7855406E2EE30D2500C4EF1D /* Products */ = {
			isa = PBXGroup;
			children = (
				7855406D2EE30D2500C4EF1D /* ios-template.app */,
				7855407F2EE30D2700C4EF1D /* ios-templateTests.xctest */,
				785540892EE30D2700C4EF1D /* ios-templateUITests.xctest */,
			);
			name = Products;
			sourceTree = "<group>";
		};
		FE4FBE6B66686AB038761EC3 /* Core */ = {
			isa = PBXGroup;
			children = (
				A493F28432546B136AE9B682 /* AppContainer.swift */,
			);
			name = Core;
			path = Core;
			sourceTree = "<group>";
		};
/* End PBXGroup section */

/* Begin PBXNativeTarget section */
		7855406C2EE30D2500C4EF1D /* ios-template */ = {
			isa = PBXNativeTarget;
			buildConfigurationList = 785540932EE30D2700C4EF1D /* Build configuration list for PBXNativeTarget "ios-template" */;
			buildPhases = (
				785540692EE30D2500C4EF1D /* Sources */,
				7855406A2EE30D2500C4EF1D /* Frameworks */,
				7855406B2EE30D2500C4EF1D /* Resources */,
			);
			buildRules = (
			);
			dependencies = (
			);
			fileSystemSynchronizedGroups = (
				7855406F2EE30D2500C4EF1D /* ios-template */,
			);
			name = "ios-template";
			packageProductDependencies = (
				785540F02EE45C9E00C4EF1D /* APIClient */,
			);
			productName = "ios-template";
			productReference = 7855406D2EE30D2500C4EF1D /* ios-template.app */;
			productType = "com.apple.product-type.application";
		};
		7855407E2EE30D2700C4EF1D /* ios-templateTests */ = {
			isa = PBXNativeTarget;
			buildConfigurationList = 785540962EE30D2700C4EF1D /* Build configuration list for PBXNativeTarget "ios-templateTests" */;
			buildPhases = (
				7855407B2EE30D2700C4EF1D /* Sources */,
				7855407C2EE30D2700C4EF1D /* Frameworks */,
				7855407D2EE30D2700C4EF1D /* Resources */,
			);
			buildRules = (
			);
			dependencies = (
				785540812EE30D2700C4EF1D /* PBXTargetDependency */,
			);
			fileSystemSynchronizedGroups = (
				785540822EE30D2700C4EF1D /* ios-templateTests */,
			);
			name = "ios-templateTests";
			packageProductDependencies = (
			);
			productName = "ios-templateTests";
			productReference = 7855407F2EE30D2700C4EF1D /* ios-templateTests.xctest */;
			productType = "com.apple.product-type.bundle.unit-test";
		};
		785540882EE30D2700C4EF1D /* ios-templateUITests */ = {
			isa = PBXNativeTarget;
			buildConfigurationList = 785540992EE30D2700C4EF1D /* Build configuration list for PBXNativeTarget "ios-templateUITests" */;
			buildPhases = (
				785540852EE30D2700C4EF1D /* Sources */,
				785540862EE30D2700C4EF1D /* Frameworks */,
				785540872EE30D2700C4EF1D /* Resources */,
			);
			buildRules = (
			);
			dependencies = (
				7855408B2EE30D2700C4EF1D /* PBXTargetDependency */,
			);
			fileSystemSynchronizedGroups = (
				7855408C2EE30D2700C4EF1D /* ios-templateUITests */,
			);
			name = "ios-templateUITests";
			packageProductDependencies = (
			);
			productName = "ios-templateUITests";
			productReference = 785540892EE30D2700C4EF1D /* ios-templateUITests.xctest */;
			productType = "com.apple.product-type.bundle.ui-testing";
		};
/* End PBXNativeTarget section */

/* Begin PBXProject section */
		785540652EE30D2500C4EF1D /* Project object */ = {
			isa = PBXProject;
			attributes = {
				BuildIndependentTargetsInParallel = 1;
				LastSwiftUpdateCheck = 2600;
				LastUpgradeCheck = 2600;
				TargetAttributes = {
					7855406C2EE30D2500C4EF1D = {
						CreatedOnToolsVersion = 26.0.1;
					};
					7855407E2EE30D2700C4EF1D = {
						CreatedOnToolsVersion = 26.0.1;
						TestTargetID = 7855406C2EE30D2500C4EF1D;
					};
					785540882EE30D2700C4EF1D = {
						CreatedOnToolsVersion = 26.0.1;
						TestTargetID = 7855406C2EE30D2500C4EF1D;
					};
				};
			};
			buildConfigurationList = 785540682EE30D2500C4EF1D /* Build configuration list for PBXProject "ios-template" */;
			developmentRegion = en;
			hasScannedForEncodings = 0;
			knownRegions = (
				en,
				Base,
			);
			mainGroup = 785540642EE30D2500C4EF1D;
			minimizedProjectReferenceProxies = 1;
			packageReferences = (
				785540EE2EE454D200C4EF1D /* XCRemoteSwiftPackageReference "api-client" */,
			);
			preferredProjectObjectVersion = 77;
			productRefGroup = 7855406E2EE30D2500C4EF1D /* Products */;
			projectDirPath = "";
			projectRoot = "";
			targets = (
				7855406C2EE30D2500C4EF1D /* ios-template */,
				7855407E2EE30D2700C4EF1D /* ios-templateTests */,
				785540882EE30D2700C4EF1D /* ios-templateUITests */,
			);
		};
/* End PBXProject section */

/* Begin PBXResourcesBuildPhase section */
		7855406B2EE30D2500C4EF1D /* Resources */ = {
			isa = PBXResourcesBuildPhase;
			buildActionMask = 2147483647;
			files = (
			);
			runOnlyForDeploymentPostprocessing = 0;
		};
		7855407D2EE30D2700C4EF1D /* Resources */ = {
			isa = PBXResourcesBuildPhase;
			buildActionMask = 2147483647;
			files = (
			);
			runOnlyForDeploymentPostprocessing = 0;
		};
		785540872EE30D2700C4EF1D /* Resources */ = {
			isa = PBXResourcesBuildPhase;
			buildActionMask = 2147483647;
			files = (
			);
			runOnlyForDeploymentPostprocessing = 0;
		};
/* End PBXResourcesBuildPhase section */

/* Begin PBXSourcesBuildPhase section */
		785540692EE30D2500C4EF1D /* Sources */ = {
			isa = PBXSourcesBuildPhase;
			buildActionMask = 2147483647;
			files = (
				71B702DB75CD696C8721201D /* AppContainer.swift in Sources */,
			);
			runOnlyForDeploymentPostprocessing = 0;
		};
		7855407B2EE30D2700C4EF1D /* Sources */ = {
			isa = PBXSourcesBuildPhase;
			buildActionMask = 2147483647;
			files = (
			);
			runOnlyForDeploymentPostprocessing = 0;
		};
		785540852EE30D2700C4EF1D /* Sources */ = {
			isa = PBXSourcesBuildPhase;
			buildActionMask = 2147483647;
			files = (
			);
			runOnlyForDeploymentPostprocessing = 0;
		};
/* End PBXSourcesBuildPhase section */

/* Begin PBXTargetDependency section */
		785540812EE30D2700C4EF1D /* PBXTargetDependency */ = {
			isa = PBXTargetDependency;
			target = 7855406C2EE30D2500C4EF1D /* ios-template */;
			targetProxy = 785540802EE30D2700C4EF1D /* PBXContainerItemProxy */;
		};
		7855408B2EE30D2700C4EF1D /* PBXTargetDependency */ = {
			isa = PBXTargetDependency;
			target = 7855406C2EE30D2500C4EF1D /* ios-template */;
			targetProxy = 7855408A2EE30D2700C4EF1D /* PBXContainerItemProxy */;
		};
/* End PBXTargetDependency section */

/* Begin XCBuildConfiguration section */
		785540912EE30D2700C4EF1D /* Debug */ = {
			isa = XCBuildConfiguration;
			buildSettings = {
				ALWAYS_SEARCH_USER_PATHS = NO;
				ASSETCATALOG_COMPILER_GENERATE_SWIFT_ASSET_SYMBOL_EXTENSIONS = YES;
				CLANG_ANALYZER_NONNULL = YES;
				CLANG_ANALYZER_NUMBER_OBJECT_CONVERSION = YES_AGGRESSIVE;
				CLANG_CXX_LANGUAGE_STANDARD = "gnu++20";
				CLANG_ENABLE_MODULES = YES;
				CLANG_ENABLE_OBJC_ARC = YES;
				CLANG_ENABLE_OBJC_WEAK = YES;
				CLANG_WARN_BLOCK_CAPTURE_AUTORELEASING = YES;
				CLANG_WARN_BOOL_CONVERSION = YES;
				CLANG_WARN_COMMA = YES;
				CLANG_WARN_CONSTANT_CONVERSION = YES;
				CLANG_WARN_DEPRECATED_OBJC_IMPLEMENTATIONS = YES;
				CLANG_WARN_DIRECT_OBJC_ISA_USAGE = YES_ERROR;
				CLANG_WARN_DOCUMENTATION_COMMENTS = YES;
				CLANG_WARN_EMPTY_BODY = YES;
				CLANG_WARN_ENUM_CONVERSION = YES;
				CLANG_WARN_INFINITE_RECURSION = YES;
				CLANG_WARN_INT_CONVERSION = YES;
				CLANG_WARN_NON_LITERAL_NULL_CONVERSION = YES;
				CLANG_WARN_OBJC_IMPLICIT_RETAIN_SELF = YES;
				CLANG_WARN_OBJC_LITERAL_CONVERSION = YES;
				CLANG_WARN_OBJC_ROOT_CLASS = YES_ERROR;
				CLANG_WARN_QUOTED_INCLUDE_IN_FRAMEWORK_HEADER = YES;
				CLANG_WARN_RANGE_LOOP_ANALYSIS = YES;
				CLANG_WARN_STRICT_PROTOTYPES = YES;
				CLANG_WARN_SUSPICIOUS_MOVE = YES;
				CLANG_WARN_UNGUARDED_AVAILABILITY = YES_AGGRESSIVE;
				CLANG_WARN_UNREACHABLE_CODE = YES;
				CLANG_WARN__DUPLICATE_METHOD_MATCH = YES;
				COPY_PHASE_STRIP = NO;
				DEBUG_INFORMATION_FORMAT = dwarf;
				ENABLE_STRICT_OBJC_MSGSEND = YES;
				ENABLE_TESTABILITY = YES;
				ENABLE_USER_SCRIPT_SANDBOXING = YES;
				GCC_C_LANGUAGE_STANDARD = gnu17;
				GCC_DYNAMIC_NO_PIC = NO;
				GCC_NO_COMMON_BLOCKS = YES;
				GCC_OPTIMIZATION_LEVEL = 0;
				GCC_PREPROCESSOR_DEFINITIONS = (
					"DEBUG=1",
					"$(inherited)",
				);
				GCC_WARN_64_TO_32_BIT_CONVERSION = YES;
				GCC_WARN_ABOUT_RETURN_TYPE = YES_ERROR;
				GCC_WARN_UNDECLARED_SELECTOR = YES;
				GCC_WARN_UNINITIALIZED_AUTOS = YES_AGGRESSIVE;
				GCC_WARN_UNUSED_FUNCTION = YES;
				GCC_WARN_UNUSED_VARIABLE = YES;
				IPHONEOS_DEPLOYMENT_TARGET = 26.0;
				LOCALIZATION_PREFERS_STRING_CATALOGS = YES;
				MTL_ENABLE_DEBUG_INFO = INCLUDE_SOURCE;
				MTL_FAST_MATH = YES;
				ONLY_ACTIVE_ARCH = YES;
				SDKROOT = iphoneos;
				SWIFT_ACTIVE_COMPILATION_CONDITIONS = "DEBUG $(inherited)";
				SWIFT_OPTIMIZATION_LEVEL = "-Onone";
			};
			name = Debug;
		};
		785540922EE30D2700C4EF1D /* Release */ = {
			isa = XCBuildConfiguration;
			buildSettings = {
				ALWAYS_SEARCH_USER_PATHS = NO;
				ASSETCATALOG_COMPILER_GENERATE_SWIFT_ASSET_SYMBOL_EXTENSIONS = YES;
				CLANG_ANALYZER_NONNULL = YES;
				CLANG_ANALYZER_NUMBER_OBJECT_CONVERSION = YES_AGGRESSIVE;
				CLANG_CXX_LANGUAGE_STANDARD = "gnu++20";
				CLANG_ENABLE_MODULES = YES;
				CLANG_ENABLE_OBJC_ARC = YES;
				CLANG_ENABLE_OBJC_WEAK = YES;
				CLANG_WARN_BLOCK_CAPTURE_AUTORELEASING = YES;
				CLANG_WARN_BOOL_CONVERSION = YES;
				CLANG_WARN_COMMA = YES;
				CLANG_WARN_CONSTANT_CONVERSION = YES;
				CLANG_WARN_DEPRECATED_OBJC_IMPLEMENTATIONS = YES;
				CLANG_WARN_DIRECT_OBJC_ISA_USAGE = YES_ERROR;
				CLANG_WARN_DOCUMENTATION_COMMENTS = YES;
				CLANG_WARN_EMPTY_BODY = YES;
				CLANG_WARN_ENUM_CONVERSION = YES;
				CLANG_WARN_INFINITE_RECURSION = YES;
				CLANG_WARN_INT_CONVERSION = YES;
				CLANG_WARN_NON_LITERAL_NULL_CONVERSION = YES;
				CLANG_WARN_OBJC_IMPLICIT_RETAIN_SELF = YES;
				CLANG_WARN_OBJC_LITERAL_CONVERSION = YES;
				CLANG_WARN_OBJC_ROOT_CLASS = YES_ERROR;
				CLANG_WARN_QUOTED_INCLUDE_IN_FRAMEWORK_HEADER = YES;
				CLANG_WARN_RANGE_LOOP_ANALYSIS = YES;
				CLANG_WARN_STRICT_PROTOTYPES = YES;
				CLANG_WARN_SUSPICIOUS_MOVE = YES;
				CLANG_WARN_UNGUARDED_AVAILABILITY = YES_AGGRESSIVE;
				CLANG_WARN_UNREACHABLE_CODE = YES;
				CLANG_WARN__DUPLICATE_METHOD_MATCH = YES;
				COPY_PHASE_STRIP = NO;
				DEBUG_INFORMATION_FORMAT = "dwarf-with-dsym";
				ENABLE_NS_ASSERTIONS = NO;
				ENABLE_STRICT_OBJC_MSGSEND = YES;
				ENABLE_USER_SCRIPT_SANDBOXING = YES;
				GCC_C_LANGUAGE_STANDARD = gnu17;
				GCC_NO_COMMON_BLOCKS = YES;
				GCC_WARN_64_TO_32_BIT_CONVERSION = YES;
				GCC_WARN_ABOUT_RETURN_TYPE = YES_ERROR;
				GCC_WARN_UNDECLARED_SELECTOR = YES;
				GCC_WARN_UNINITIALIZED_AUTOS = YES_AGGRESSIVE;
				GCC_WARN_UNUSED_FUNCTION = YES;
				GCC_WARN_UNUSED_VARIABLE = YES;
				IPHONEOS_DEPLOYMENT_TARGET = 26.0;
				LOCALIZATION_PREFERS_STRING_CATALOGS = YES;
				MTL_ENABLE_DEBUG_INFO = NO;
				MTL_FAST_MATH = YES;
				SDKROOT = iphoneos;
				SWIFT_COMPILATION_MODE = wholemodule;
				VALIDATE_PRODUCT = YES;
			};
			name = Release;
		};
		785540942EE30D2700C4EF1D /* Debug */ = {
			isa = XCBuildConfiguration;
			buildSettings = {
				ASSETCATALOG_COMPILER_APPICON_NAME = AppIcon;
				ASSETCATALOG_COMPILER_GLOBAL_ACCENT_COLOR_NAME = AccentColor;
				CODE_SIGN_IDENTITY = "Apple Development";
				CODE_SIGN_STYLE = Manual;
				CURRENT_PROJECT_VERSION = 1;
				DEVELOPMENT_TEAM = "";
				ENABLE_PREVIEWS = YES;
				GENERATE_INFOPLIST_FILE = YES;
				INFOPLIST_KEY_UIApplicationSceneManifest_Generation = YES;
				INFOPLIST_KEY_UIApplicationSupportsIndirectInputEvents = YES;
				INFOPLIST_KEY_UILaunchScreen_Generation = YES;
				INFOPLIST_KEY_UISupportedInterfaceOrientations_iPad = "UIInterfaceOrientationPortrait UIInterfaceOrientationPortraitUpsideDown UIInterfaceOrientationLandscapeLeft UIInterfaceOrientationLandscapeRight";
				INFOPLIST_KEY_UISupportedInterfaceOrientations_iPhone = "UIInterfaceOrientationPortrait UIInterfaceOrientationLandscapeLeft UIInterfaceOrientationLandscapeRight";
				LD_RUNPATH_SEARCH_PATHS = (
					"$(inherited)",
					"@executable_path/Frameworks",
				);
				MARKETING_VERSION = 1.0;
				PRODUCT_BUNDLE_IDENTIFIER = "dusan.kovacevic.ios-template";
				PRODUCT_NAME = "$(TARGET_NAME)";
				PROVISIONING_PROFILE_SPECIFIER = "";
				STRING_CATALOG_GENERATE_SYMBOLS = YES;
				SWIFT_APPROACHABLE_CONCURRENCY = YES;
				SWIFT_DEFAULT_ACTOR_ISOLATION = MainActor;
				SWIFT_EMIT_LOC_STRINGS = YES;
				SWIFT_UPCOMING_FEATURE_MEMBER_IMPORT_VISIBILITY = YES;
				SWIFT_VERSION = 5.0;
				TARGETED_DEVICE_FAMILY = "1,2";
			};
			name = Debug;
		};
		785540952EE30D2700C4EF1D /* Release */ = {
			isa = XCBuildConfiguration;
			buildSettings = {
				ASSETCATALOG_COMPILER_APPICON_NAME = AppIcon;
				ASSETCATALOG_COMPILER_GLOBAL_ACCENT_COLOR_NAME = AccentColor;
				CODE_SIGN_IDENTITY = "Apple Development";
				CODE_SIGN_STYLE = Manual;
				CURRENT_PROJECT_VERSION = 1;
				DEVELOPMENT_TEAM = "";
				ENABLE_PREVIEWS = YES;
				GENERATE_INFOPLIST_FILE = YES;
				INFOPLIST_KEY_UIApplicationSceneManifest_Generation = YES;
				INFOPLIST_KEY_UIApplicationSupportsIndirectInputEvents = YES;
				INFOPLIST_KEY_UILaunchScreen_Generation = YES;
				INFOPLIST_KEY_UISupportedInterfaceOrientations_iPad = "UIInterfaceOrientationPortrait UIInterfaceOrientationPortraitUpsideDown UIInterfaceOrientationLandscapeLeft UIInterfaceOrientationLandscapeRight";
				INFOPLIST_KEY_UISupportedInterfaceOrientations_iPhone = "UIInterfaceOrientationPortrait UIInterfaceOrientationLandscapeLeft UIInterfaceOrientationLandscapeRight";
				LD_RUNPATH_SEARCH_PATHS = (
					"$(inherited)",
					"@executable_path/Frameworks",
				);
				MARKETING_VERSION = 1.0;
				PRODUCT_BUNDLE_IDENTIFIER = "dusan.kovacevic.ios-template";
				PRODUCT_NAME = "$(TARGET_NAME)";
				PROVISIONING_PROFILE_SPECIFIER = "";
				STRING_CATALOG_GENERATE_SYMBOLS = YES;
				SWIFT_APPROACHABLE_CONCURRENCY = YES;
				SWIFT_DEFAULT_ACTOR_ISOLATION = MainActor;
				SWIFT_EMIT_LOC_STRINGS = YES;
				SWIFT_UPCOMING_FEATURE_MEMBER_IMPORT_VISIBILITY = YES;
				SWIFT_VERSION = 5.0;
				TARGETED_DEVICE_FAMILY = "1,2";
			};
			name = Release;
		};
		785540972EE30D2700C4EF1D /* Debug */ = {
			isa = XCBuildConfiguration;
			buildSettings = {
				BUNDLE_LOADER = "$(TEST_HOST)";
				CODE_SIGN_STYLE = Automatic;
				CURRENT_PROJECT_VERSION = 1;
				GENERATE_INFOPLIST_FILE = YES;
				IPHONEOS_DEPLOYMENT_TARGET = 26.0;
				MARKETING_VERSION = 1.0;
				PRODUCT_BUNDLE_IDENTIFIER = "dusan.kovacevic.ios-templateTests";
				PRODUCT_NAME = "$(TARGET_NAME)";
				STRING_CATALOG_GENERATE_SYMBOLS = NO;
				SWIFT_APPROACHABLE_CONCURRENCY = YES;
				SWIFT_EMIT_LOC_STRINGS = NO;
				SWIFT_UPCOMING_FEATURE_MEMBER_IMPORT_VISIBILITY = YES;
				SWIFT_VERSION = 5.0;
				TARGETED_DEVICE_FAMILY = "1,2";
				TEST_HOST = "$(BUILT_PRODUCTS_DIR)/ios-template.app/$(BUNDLE_EXECUTABLE_FOLDER_PATH)/ios-template";
			};
			name = Debug;
		};
		785540982EE30D2700C4EF1D /* Release */ = {
			isa = XCBuildConfiguration;
			buildSettings = {
				BUNDLE_LOADER = "$(TEST_HOST)";
				CODE_SIGN_STYLE = Automatic;
				CURRENT_PROJECT_VERSION = 1;
				GENERATE_INFOPLIST_FILE = YES;
				IPHONEOS_DEPLOYMENT_TARGET = 26.0;
				MARKETING_VERSION = 1.0;
				PRODUCT_BUNDLE_IDENTIFIER = "dusan.kovacevic.ios-templateTests";
				PRODUCT_NAME = "$(TARGET_NAME)";
				STRING_CATALOG_GENERATE_SYMBOLS = NO;
				SWIFT_APPROACHABLE_CONCURRENCY = YES;
				SWIFT_EMIT_LOC_STRINGS = NO;
				SWIFT_UPCOMING_FEATURE_MEMBER_IMPORT_VISIBILITY = YES;
				SWIFT_VERSION = 5.0;
				TARGETED_DEVICE_FAMILY = "1,2";
				TEST_HOST = "$(BUILT_PRODUCTS_DIR)/ios-template.app/$(BUNDLE_EXECUTABLE_FOLDER_PATH)/ios-template";
			};
			name = Release;
		};
		7855409A2EE30D2700C4EF1D /* Debug */ = {
			isa = XCBuildConfiguration;
			buildSettings = {
				CODE_SIGN_STYLE = Automatic;
				CURRENT_PROJECT_VERSION = 1;
				GENERATE_INFOPLIST_FILE = YES;
				MARKETING_VERSION = 1.0;
				PRODUCT_BUNDLE_IDENTIFIER = "dusan.kovacevic.ios-templateUITests";
				PRODUCT_NAME = "$(TARGET_NAME)";
				STRING_CATALOG_GENERATE_SYMBOLS = NO;
				SWIFT_APPROACHABLE_CONCURRENCY = YES;
				SWIFT_EMIT_LOC_STRINGS = NO;
				SWIFT_UPCOMING_FEATURE_MEMBER_IMPORT_VISIBILITY = YES;
				SWIFT_VERSION = 5.0;
				TARGETED_DEVICE_FAMILY = "1,2";
				TEST_TARGET_NAME = "ios-template";
			};
			name = Debug;
		};
		7855409B2EE30D2700C4EF1D /* Release */ = {
			isa = XCBuildConfiguration;
			buildSettings = {
				CODE_SIGN_STYLE = Automatic;
				CURRENT_PROJECT_VERSION = 1;
				GENERATE_INFOPLIST_FILE = YES;
				MARKETING_VERSION = 1.0;
				PRODUCT_BUNDLE_IDENTIFIER = "dusan.kovacevic.ios-templateUITests";
				PRODUCT_NAME = "$(TARGET_NAME)";
				STRING_CATALOG_GENERATE_SYMBOLS = NO;
				SWIFT_APPROACHABLE_CONCURRENCY = YES;
				SWIFT_EMIT_LOC_STRINGS = NO;
				SWIFT_UPCOMING_FEATURE_MEMBER_IMPORT_VISIBILITY = YES;
				SWIFT_VERSION = 5.0;
				TARGETED_DEVICE_FAMILY = "1,2";
				TEST_TARGET_NAME = "ios-template";
			};
			name = Release;
		};
/* End XCBuildConfiguration section */

/* Begin XCConfigurationList section */
		785540682EE30D2500C4EF1D /* Build configuration list for PBXProject "ios-template" */ = {
			isa = XCConfigurationList;
			buildConfigurations = (
				785540912EE30D2700C4EF1D /* Debug */,
				785540922EE30D2700C4EF1D /* Release */,
			);
			defaultConfigurationIsVisible = 0;
			defaultConfigurationName = Release;
		};
		785540932EE30D2700C4EF1D /* Build configuration list for PBXNativeTarget "ios-template" */ = {
			isa = XCConfigurationList;
			buildConfigurations = (
				785540942EE30D2700C4EF1D /* Debug */,
				785540952EE30D2700C4EF1D /* Release */,
			);
			defaultConfigurationIsVisible = 0;
			defaultConfigurationName = Release;
		};
		785540962EE30D2700C4EF1D /* Build configuration list for PBXNativeTarget "ios-templateTests" */ = {
			isa = XCConfigurationList;
			buildConfigurations = (
				785540972EE30D2700C4EF1D /* Debug */,
				785540982EE30D2700C4EF1D /* Release */,
			);
			defaultConfigurationIsVisible = 0;
			defaultConfigurationName = Release;
		};
		785540992EE30D2700C4EF1D /* Build configuration list for PBXNativeTarget "ios-templateUITests" */ = {
			isa = XCConfigurationList;
			buildConfigurations = (
				7855409A2EE30D2700C4EF1D /* Debug */,
				7855409B2EE30D2700C4EF1D /* Release */,
			);
			defaultConfigurationIsVisible = 0;
			defaultConfigurationName = Release;
		};
/* End XCConfigurationList section */

/* Begin XCRemoteSwiftPackageReference section */
		785540EE2EE454D200C4EF1D /* XCRemoteSwiftPackageReference "api-client" */ = {
			isa = XCRemoteSwiftPackageReference;
			repositoryURL = "https://github.com/smith477/api-client";
			requirement = {
				branch = main;
				kind = branch;
			};
		};
/* End XCRemoteSwiftPackageReference section */

/* Begin XCSwiftPackageProductDependency section */
		785540F02EE45C9E00C4EF1D /* APIClient */ = {
			isa = XCSwiftPackageProductDependency;
			package = 785540EE2EE454D200C4EF1D /* XCRemoteSwiftPackageReference "api-client" */;
			productName = APIClient;
		};
/* End XCSwiftPackageProductDependency section */
	};
	rootObject = 785540652EE30D2500C4EF1D /* Project object */;
}
